
Microsoft Visual Studio Solution File, Format Version 12.00
# Visual Studio Version 17
VisualStudioVersion = 17.5.33424.131
MinimumVisualStudioVersion = 10.0.40219.1
Project("{FAE04EC0-301F-11D3-BF4B-00C04F79EFBC}") = "Common", "Common\Common.csproj", "{74C8001A-18EF-4F34-8FCC-6400E00E9AE8}"
EndProject
Project("{FAE04EC0-301F-11D3-BF4B-00C04F79EFBC}") = "Business", "Business\Business.csproj", "{24B1F10F-EAD6-4604-A000-A2103ECC91B1}"
EndProject
Project("{FAE04EC0-301F-11D3-BF4B-00C04F79EFBC}") = "DataAccess", "DataAccess\DataAccess.csproj", "{C86BAC60-D4DC-4EAC-8FFE-774CF6D9FD6F}"
EndProject
Project("{FAE04EC0-301F-11D3-BF4B-00C04F79EFBC}") = "Presentation", "Presentation\Presentation.csproj", "{CE64B1B0-916E-45DC-B84F-BB522A0759BE}"
EndProject
Global
	GlobalSection(SolutionConfigurationPlatforms) = preSolution
		Debug|Any CPU = Debug|Any CPU
		Release|Any CPU = Release|Any CPU
	EndGlobalSection
	GlobalSection(ProjectConfigurationPlatforms) = postSolution
		{74C8001A-18EF-4F34-8FCC-6400E00E9AE8}.Debug|Any CPU.ActiveCfg = Debug|Any CPU
		{74C8001A-18EF-4F34-8FCC-6400E00E9AE8}.Debug|Any CPU.Build.0 = Debug|Any CPU
		{74C8001A-18EF-4F34-8FCC-6400E00E9AE8}.Release|Any CPU.ActiveCfg = Release|Any CPU
		{74C8001A-18EF-4F34-8FCC-6400E00E9AE8}.Release|Any CPU.Build.0 = Release|Any CPU
		{24B1F10F-EAD6-4604-A000-A2103ECC91B1}.Debug|Any CPU.ActiveCfg = Debug|Any CPU
		{24B1F10F-EAD6-4604-A000-A2103ECC91B1}.Debug|Any CPU.Build.0 = Debug|Any CPU
		{24B1F10F-EAD6-4604-A000-A2103ECC91B1}.Release|Any CPU.ActiveCfg = Release|Any CPU
		{24B1F10F-EAD6-4604-A000-A2103ECC91B1}.Release|Any CPU.Build.0 = Release|Any CPU
		{C86BAC60-D4DC-4EAC-8FFE-774CF6D9FD6F}.Debug|Any CPU.ActiveCfg = Debug|Any CPU
		{C86BAC60-D4DC-4EAC-8FFE-774CF6D9FD6F}.Debug|Any CPU.Build.0 = Debug|Any CPU
		{C86BAC60-D4DC-4EAC-8FFE-774CF6D9FD6F}.Release|Any CPU.ActiveCfg = Release|Any CPU
		{C86BAC60-D4DC-4EAC-8FFE-774CF6D9FD6F}.Release|Any CPU.Build.0 = Release|Any CPU
		{CE64B1B0-916E-45DC-B84F-BB522A0759BE}.Debug|Any CPU.ActiveCfg = Debug|Any CPU
		{CE64B1B0-916E-45DC-B84F-BB522A0759BE}.Debug|Any CPU.Build.0 = Debug|Any CPU
		{CE64B1B0-916E-45DC-B84F-BB522A0759BE}.Release|Any CPU.ActiveCfg = Release|Any CPU
		{CE64B1B0-916E-45DC-B84F-BB522A0759BE}.Release|Any CPU.Build.0 = Release|Any CPU
	EndGlobalSection
	GlobalSection(SolutionProperties) = preSolution
		HideSolutionNode = FALSE
	EndGlobalSection
	GlobalSection(ExtensibilityGlobals) = postSolution
		SolutionGuid = {95DD7087-1F76-45DE-B93E-3EF98B4D79E2}
	EndGlobalSection
EndGlobal
